
Microsoft Visual Studio Solution File, Format Version 12.00
# Visual Studio Version 17
VisualStudioVersion = 17.10.35122.118
MinimumVisualStudioVersion = 10.0.40219.1
Project("{9A19103F-16F7-4668-BE54-9A1E7A4F7556}") = "Surfs up", "..\..\..\..\source\repos\Surf's up\Surfs up.csproj", "{AE5DFEC5-DDB4-498C-997A-E8B43597C6C8}"
EndProject
Global
	GlobalSection(SolutionConfigurationPlatforms) = preSolution
		Debug|Any CPU = Debug|Any CPU
		Release|Any CPU = Release|Any CPU
	EndGlobalSection
	GlobalSection(ProjectConfigurationPlatforms) = postSolution
		{AE5DFEC5-DDB4-498C-997A-E8B43597C6C8}.Debug|Any CPU.ActiveCfg = Debug|Any CPU
		{AE5DFEC5-DDB4-498C-997A-E8B43597C6C8}.Debug|Any CPU.Build.0 = Debug|Any CPU
		{AE5DFEC5-DDB4-498C-997A-E8B43597C6C8}.Release|Any CPU.ActiveCfg = Release|Any CPU
		{AE5DFEC5-DDB4-498C-997A-E8B43597C6C8}.Release|Any CPU.Build.0 = Release|Any CPU
	EndGlobalSection
	GlobalSection(SolutionProperties) = preSolution
		HideSolutionNode = FALSE
	EndGlobalSection
	GlobalSection(ExtensibilityGlobals) = postSolution
		SolutionGuid = {991BA4DD-0E1C-4EE7-8C0F-47E1E87D3562}
	EndGlobalSection
EndGlobal
